
Microsoft Visual Studio Solution File, Format Version 12.00
# Visual Studio Version 16
VisualStudioVersion = 16.0.30114.105
MinimumVisualStudioVersion = 10.0.40219.1
Project("{FAE04EC0-301F-11D3-BF4B-00C04F79EFBC}") = "Application", "Application\Application.csproj", "{226C0802-0BDF-4FA5-827F-A222F585697E}"
EndProject
Project("{FAE04EC0-301F-11D3-BF4B-00C04F79EFBC}") = "API", "API\API.csproj", "{82D3A5C9-AD25-4420-97BD-CF071989FBB0}"
EndProject
Project("{FAE04EC0-301F-11D3-BF4B-00C04F79EFBC}") = "Persistence", "Persistence\Persistence.csproj", "{DC5D48E9-0329-4B5A-8465-739E4403ED99}"
EndProject
Project("{FAE04EC0-301F-11D3-BF4B-00C04F79EFBC}") = "Domain", "Domain\Domain.csproj", "{DC5D42BD-01E0-4264-93A1-BCA87D725407}"
EndProject
Global
	GlobalSection(SolutionConfigurationPlatforms) = preSolution
		Debug|Any CPU = Debug|Any CPU
		Release|Any CPU = Release|Any CPU
	EndGlobalSection
	GlobalSection(SolutionProperties) = preSolution
		HideSolutionNode = FALSE
	EndGlobalSection
	GlobalSection(ProjectConfigurationPlatforms) = postSolution
		{226C0802-0BDF-4FA5-827F-A222F585697E}.Debug|Any CPU.ActiveCfg = Debug|Any CPU
		{226C0802-0BDF-4FA5-827F-A222F585697E}.Debug|Any CPU.Build.0 = Debug|Any CPU
		{226C0802-0BDF-4FA5-827F-A222F585697E}.Release|Any CPU.ActiveCfg = Release|Any CPU
		{226C0802-0BDF-4FA5-827F-A222F585697E}.Release|Any CPU.Build.0 = Release|Any CPU
		{82D3A5C9-AD25-4420-97BD-CF071989FBB0}.Debug|Any CPU.ActiveCfg = Debug|Any CPU
		{82D3A5C9-AD25-4420-97BD-CF071989FBB0}.Debug|Any CPU.Build.0 = Debug|Any CPU
		{82D3A5C9-AD25-4420-97BD-CF071989FBB0}.Release|Any CPU.ActiveCfg = Release|Any CPU
		{82D3A5C9-AD25-4420-97BD-CF071989FBB0}.Release|Any CPU.Build.0 = Release|Any CPU
		{DC5D48E9-0329-4B5A-8465-739E4403ED99}.Debug|Any CPU.ActiveCfg = Debug|Any CPU
		{DC5D48E9-0329-4B5A-8465-739E4403ED99}.Debug|Any CPU.Build.0 = Debug|Any CPU
		{DC5D48E9-0329-4B5A-8465-739E4403ED99}.Release|Any CPU.ActiveCfg = Release|Any CPU
		{DC5D48E9-0329-4B5A-8465-739E4403ED99}.Release|Any CPU.Build.0 = Release|Any CPU
		{DC5D42BD-01E0-4264-93A1-BCA87D725407}.Debug|Any CPU.ActiveCfg = Debug|Any CPU
		{DC5D42BD-01E0-4264-93A1-BCA87D725407}.Debug|Any CPU.Build.0 = Debug|Any CPU
		{DC5D42BD-01E0-4264-93A1-BCA87D725407}.Release|Any CPU.ActiveCfg = Release|Any CPU
		{DC5D42BD-01E0-4264-93A1-BCA87D725407}.Release|Any CPU.Build.0 = Release|Any CPU
	EndGlobalSection
EndGlobal
